
Microsoft Visual Studio Solution File, Format Version 12.00
# Visual Studio Version 16
VisualStudioVersion = 16.0.30621.155
MinimumVisualStudioVersion = 10.0.40219.1
Project("{9A19103F-16F7-4668-BE54-9A1E7A4F7556}") = "SampleServiceProducer", "SampleService\SampleServiceProducer.csproj", "{54FC15AF-8BA2-48F2-9B05-62FDC4204985}"
EndProject
Project("{FAE04EC0-301F-11D3-BF4B-00C04F79EFBC}") = "SampleServiceConsumer", "SampleServiceConsumer\SampleServiceConsumer.csproj", "{AA9FEB1A-3A1C-4B15-A0A8-04CE2EEDFB0C}"
EndProject
Global
	GlobalSection(SolutionConfigurationPlatforms) = preSolution
		Debug|Any CPU = Debug|Any CPU
		Release|Any CPU = Release|Any CPU
	EndGlobalSection
	GlobalSection(ProjectConfigurationPlatforms) = postSolution
		{54FC15AF-8BA2-48F2-9B05-62FDC4204985}.Debug|Any CPU.ActiveCfg = Debug|Any CPU
		{54FC15AF-8BA2-48F2-9B05-62FDC4204985}.Debug|Any CPU.Build.0 = Debug|Any CPU
		{54FC15AF-8BA2-48F2-9B05-62FDC4204985}.Release|Any CPU.ActiveCfg = Release|Any CPU
		{54FC15AF-8BA2-48F2-9B05-62FDC4204985}.Release|Any CPU.Build.0 = Release|Any CPU
		{AA9FEB1A-3A1C-4B15-A0A8-04CE2EEDFB0C}.Debug|Any CPU.ActiveCfg = Debug|Any CPU
		{AA9FEB1A-3A1C-4B15-A0A8-04CE2EEDFB0C}.Debug|Any CPU.Build.0 = Debug|Any CPU
		{AA9FEB1A-3A1C-4B15-A0A8-04CE2EEDFB0C}.Release|Any CPU.ActiveCfg = Release|Any CPU
		{AA9FEB1A-3A1C-4B15-A0A8-04CE2EEDFB0C}.Release|Any CPU.Build.0 = Release|Any CPU
	EndGlobalSection
	GlobalSection(SolutionProperties) = preSolution
		HideSolutionNode = FALSE
	EndGlobalSection
	GlobalSection(ExtensibilityGlobals) = postSolution
		SolutionGuid = {6829E286-5951-4FE1-A308-831EFDE18C43}
	EndGlobalSection
EndGlobal
